// !$*UTF8*$!
{
	archiveVersion = 1;
	classes = {
	};
	objectVersion = 60;
	objects = {

/* Begin PBXBuildFile section */
		1B7E0D1F2C3C400400B87286 /* DigitalNameApp.swift in Sources */ = {isa = PBXBuildFile; fileRef = 1B7E0D1E2C3C400400B87286 /* DigitalNameApp.swift */; };
		1B7E0D212C3C400400B87286 /* HomeView.swift in Sources */ = {isa = PBXBuildFile; fileRef = 1B7E0D202C3C400400B87286 /* HomeView.swift */; };
		1B7E0D252C3C400500B87286 /* Assets.xcassets in Resources */ = {isa = PBXBuildFile; fileRef = 1B7E0D242C3C400500B87286 /* Assets.xcassets */; };
		1B7E0D282C3C400500B87286 /* Preview Assets.xcassets in Resources */ = {isa = PBXBuildFile; fileRef = 1B7E0D272C3C400500B87286 /* Preview Assets.xcassets */; };
		1B7E0D3C2C3C400500B87286 /* Digital_NameUITests.swift in Sources */ = {isa = PBXBuildFile; fileRef = 1B7E0D3B2C3C400500B87286 /* Digital_NameUITests.swift */; };
		1B7E0D502C3D963300B87286 /* LanguageItemView.swift in Sources */ = {isa = PBXBuildFile; fileRef = 1B7E0D4F2C3D963300B87286 /* LanguageItemView.swift */; };
		1B7E0D542C3E962700B87286 /* DataEntryView.swift in Sources */ = {isa = PBXBuildFile; fileRef = 1B7E0D532C3E962700B87286 /* DataEntryView.swift */; };
		1F2247E92C41930E00537A2A /* Localizable.xcstrings in Resources */ = {isa = PBXBuildFile; fileRef = 1F2247E82C41930E00537A2A /* Localizable.xcstrings */; };
		1F2247ED2C4500AD00537A2A /* StringExtension.swift in Sources */ = {isa = PBXBuildFile; fileRef = 1F2247EC2C4500AD00537A2A /* StringExtension.swift */; };
		1F2247F02C4506B700537A2A /* Language.swift in Sources */ = {isa = PBXBuildFile; fileRef = 1F2247EF2C4506B700537A2A /* Language.swift */; };
		1F7EDF562C454861006112E5 /* SettingsView.swift in Sources */ = {isa = PBXBuildFile; fileRef = 1F7EDF552C454861006112E5 /* SettingsView.swift */; };
/* End PBXBuildFile section */

/* Begin PBXContainerItemProxy section */
		1B7E0D2E2C3C400500B87286 /* PBXContainerItemProxy */ = {
			isa = PBXContainerItemProxy;
			containerPortal = 1B7E0D132C3C400400B87286 /* Project object */;
			proxyType = 1;
			remoteGlobalIDString = 1B7E0D1A2C3C400400B87286;
			remoteInfo = "Digital Name";
		};
		1B7E0D382C3C400500B87286 /* PBXContainerItemProxy */ = {
			isa = PBXContainerItemProxy;
			containerPortal = 1B7E0D132C3C400400B87286 /* Project object */;
			proxyType = 1;
			remoteGlobalIDString = 1B7E0D1A2C3C400400B87286;
			remoteInfo = "Digital Name";
		};
/* End PBXContainerItemProxy section */

/* Begin PBXFileReference section */
		1B7E0D1B2C3C400400B87286 /* Digital Name.app */ = {isa = PBXFileReference; explicitFileType = wrapper.application; includeInIndex = 0; path = "Digital Name.app"; sourceTree = BUILT_PRODUCTS_DIR; };
		1B7E0D1E2C3C400400B87286 /* DigitalNameApp.swift */ = {isa = PBXFileReference; lastKnownFileType = sourcecode.swift; path = DigitalNameApp.swift; sourceTree = "<group>"; };
		1B7E0D202C3C400400B87286 /* HomeView.swift */ = {isa = PBXFileReference; lastKnownFileType = sourcecode.swift; path = HomeView.swift; sourceTree = "<group>"; };
		1B7E0D242C3C400500B87286 /* Assets.xcassets */ = {isa = PBXFileReference; lastKnownFileType = folder.assetcatalog; path = Assets.xcassets; sourceTree = "<group>"; };
		1B7E0D272C3C400500B87286 /* Preview Assets.xcassets */ = {isa = PBXFileReference; lastKnownFileType = folder.assetcatalog; path = "Preview Assets.xcassets"; sourceTree = "<group>"; };
		1B7E0D2D2C3C400500B87286 /* Digital NameTests.xctest */ = {isa = PBXFileReference; explicitFileType = wrapper.cfbundle; includeInIndex = 0; path = "Digital NameTests.xctest"; sourceTree = BUILT_PRODUCTS_DIR; };
		1B7E0D372C3C400500B87286 /* Digital NameUITests.xctest */ = {isa = PBXFileReference; explicitFileType = wrapper.cfbundle; includeInIndex = 0; path = "Digital NameUITests.xctest"; sourceTree = BUILT_PRODUCTS_DIR; };
		1B7E0D3B2C3C400500B87286 /* Digital_NameUITests.swift */ = {isa = PBXFileReference; lastKnownFileType = sourcecode.swift; path = Digital_NameUITests.swift; sourceTree = "<group>"; };
		1B7E0D4F2C3D963300B87286 /* LanguageItemView.swift */ = {isa = PBXFileReference; lastKnownFileType = sourcecode.swift; path = LanguageItemView.swift; sourceTree = "<group>"; };
		1B7E0D532C3E962700B87286 /* DataEntryView.swift */ = {isa = PBXFileReference; lastKnownFileType = sourcecode.swift; path = DataEntryView.swift; sourceTree = "<group>"; };
		1F2247E82C41930E00537A2A /* Localizable.xcstrings */ = {isa = PBXFileReference; lastKnownFileType = text.json.xcstrings; path = Localizable.xcstrings; sourceTree = "<group>"; };
		1F2247EC2C4500AD00537A2A /* StringExtension.swift */ = {isa = PBXFileReference; lastKnownFileType = sourcecode.swift; path = StringExtension.swift; sourceTree = "<group>"; };
		1F2247EF2C4506B700537A2A /* Language.swift */ = {isa = PBXFileReference; lastKnownFileType = sourcecode.swift; path = Language.swift; sourceTree = "<group>"; };
		1F2247F12C453AE100537A2A /* Digital-Name-Info.plist */ = {isa = PBXFileReference; lastKnownFileType = text.plist; path = "Digital-Name-Info.plist"; sourceTree = SOURCE_ROOT; };
		1F7EDF552C454861006112E5 /* SettingsView.swift */ = {isa = PBXFileReference; lastKnownFileType = sourcecode.swift; path = SettingsView.swift; sourceTree = "<group>"; };
/* End PBXFileReference section */

/* Begin PBXFrameworksBuildPhase section */
		1B7E0D182C3C400400B87286 /* Frameworks */ = {
			isa = PBXFrameworksBuildPhase;
			buildActionMask = 2147483647;
			files = (
			);
			runOnlyForDeploymentPostprocessing = 0;
		};
		1B7E0D2A2C3C400500B87286 /* Frameworks */ = {
			isa = PBXFrameworksBuildPhase;
			buildActionMask = 2147483647;
			files = (
			);
			runOnlyForDeploymentPostprocessing = 0;
		};
		1B7E0D342C3C400500B87286 /* Frameworks */ = {
			isa = PBXFrameworksBuildPhase;
			buildActionMask = 2147483647;
			files = (
			);
			runOnlyForDeploymentPostprocessing = 0;
		};
/* End PBXFrameworksBuildPhase section */

/* Begin PBXGroup section */
		1B7E0D122C3C400400B87286 = {
			isa = PBXGroup;
			children = (
				1F2247E82C41930E00537A2A /* Localizable.xcstrings */,
				1B7E0D1D2C3C400400B87286 /* Digital Name */,
				1B7E0D3A2C3C400500B87286 /* Digital NameUITests */,
				1B7E0D1C2C3C400400B87286 /* Products */,
			);
			sourceTree = "<group>";
		};
		1B7E0D1C2C3C400400B87286 /* Products */ = {
			isa = PBXGroup;
			children = (
				1B7E0D1B2C3C400400B87286 /* Digital Name.app */,
				1B7E0D2D2C3C400500B87286 /* Digital NameTests.xctest */,
				1B7E0D372C3C400500B87286 /* Digital NameUITests.xctest */,
			);
			name = Products;
			sourceTree = "<group>";
		};
		1B7E0D1D2C3C400400B87286 /* Digital Name */ = {
			isa = PBXGroup;
			children = (
				1F2247F12C453AE100537A2A /* Digital-Name-Info.plist */,
				1F2247EE2C4506A700537A2A /* Model */,
				1F2247EB2C4500A100537A2A /* Extension */,
				1B7E0D522C3E960E00B87286 /* Settings */,
				1B7E0D512C3E94E300B87286 /* Home */,
				1B7E0D1E2C3C400400B87286 /* DigitalNameApp.swift */,
				1B7E0D242C3C400500B87286 /* Assets.xcassets */,
				1B7E0D262C3C400500B87286 /* Preview Content */,
			);
			path = "Digital Name";
			sourceTree = "<group>";
		};
		1B7E0D262C3C400500B87286 /* Preview Content */ = {
			isa = PBXGroup;
			children = (
				1B7E0D272C3C400500B87286 /* Preview Assets.xcassets */,
			);
			path = "Preview Content";
			sourceTree = "<group>";
		};
		1B7E0D3A2C3C400500B87286 /* Digital NameUITests */ = {
			isa = PBXGroup;
			children = (
				1B7E0D3B2C3C400500B87286 /* Digital_NameUITests.swift */,
			);
			path = "Digital NameUITests";
			sourceTree = "<group>";
		};
		1B7E0D512C3E94E300B87286 /* Home */ = {
			isa = PBXGroup;
			children = (
				1B7E0D202C3C400400B87286 /* HomeView.swift */,
			);
			path = Home;
			sourceTree = "<group>";
		};
		1B7E0D522C3E960E00B87286 /* Settings */ = {
			isa = PBXGroup;
			children = (
				1B7E0D4F2C3D963300B87286 /* LanguageItemView.swift */,
				1B7E0D532C3E962700B87286 /* DataEntryView.swift */,
				1F7EDF552C454861006112E5 /* SettingsView.swift */,
			);
			path = Settings;
			sourceTree = "<group>";
		};
		1F2247EB2C4500A100537A2A /* Extension */ = {
			isa = PBXGroup;
			children = (
				1F2247EC2C4500AD00537A2A /* StringExtension.swift */,
			);
			path = Extension;
			sourceTree = "<group>";
		};
		1F2247EE2C4506A700537A2A /* Model */ = {
			isa = PBXGroup;
			children = (
				1F2247EF2C4506B700537A2A /* Language.swift */,
			);
			path = Model;
			sourceTree = "<group>";
		};
/* End PBXGroup section */

/* Begin PBXNativeTarget section */
		1B7E0D1A2C3C400400B87286 /* Digital Name */ = {
			isa = PBXNativeTarget;
			buildConfigurationList = 1B7E0D412C3C400500B87286 /* Build configuration list for PBXNativeTarget "Digital Name" */;
			buildPhases = (
				1B7E0D172C3C400400B87286 /* Sources */,
				1B7E0D182C3C400400B87286 /* Frameworks */,
				1B7E0D192C3C400400B87286 /* Resources */,
			);
			buildRules = (
			);
			dependencies = (
			);
			name = "Digital Name";
			productName = "Digital Name";
			productReference = 1B7E0D1B2C3C400400B87286 /* Digital Name.app */;
			productType = "com.apple.product-type.application";
		};
		1B7E0D2C2C3C400500B87286 /* Digital NameTests */ = {
			isa = PBXNativeTarget;
			buildConfigurationList = 1B7E0D442C3C400500B87286 /* Build configuration list for PBXNativeTarget "Digital NameTests" */;
			buildPhases = (
				1B7E0D292C3C400500B87286 /* Sources */,
				1B7E0D2A2C3C400500B87286 /* Frameworks */,
				1B7E0D2B2C3C400500B87286 /* Resources */,
			);
			buildRules = (
			);
			dependencies = (
				1B7E0D2F2C3C400500B87286 /* PBXTargetDependency */,
			);
			name = "Digital NameTests";
			productName = "Digital NameTests";
			productReference = 1B7E0D2D2C3C400500B87286 /* Digital NameTests.xctest */;
			productType = "com.apple.product-type.bundle.unit-test";
		};
		1B7E0D362C3C400500B87286 /* Digital NameUITests */ = {
			isa = PBXNativeTarget;
			buildConfigurationList = 1B7E0D472C3C400500B87286 /* Build configuration list for PBXNativeTarget "Digital NameUITests" */;
			buildPhases = (
				1B7E0D332C3C400500B87286 /* Sources */,
				1B7E0D342C3C400500B87286 /* Frameworks */,
				1B7E0D352C3C400500B87286 /* Resources */,
			);
			buildRules = (
			);
			dependencies = (
				1B7E0D392C3C400500B87286 /* PBXTargetDependency */,
			);
			name = "Digital NameUITests";
			productName = "Digital NameUITests";
			productReference = 1B7E0D372C3C400500B87286 /* Digital NameUITests.xctest */;
			productType = "com.apple.product-type.bundle.ui-testing";
		};
/* End PBXNativeTarget section */

/* Begin PBXProject section */
		1B7E0D132C3C400400B87286 /* Project object */ = {
			isa = PBXProject;
			attributes = {
				BuildIndependentTargetsInParallel = 1;
				LastSwiftUpdateCheck = 1600;
				LastUpgradeCheck = 1600;
				TargetAttributes = {
					1B7E0D1A2C3C400400B87286 = {
						CreatedOnToolsVersion = 16.0;
					};
					1B7E0D2C2C3C400500B87286 = {
						CreatedOnToolsVersion = 16.0;
						TestTargetID = 1B7E0D1A2C3C400400B87286;
					};
					1B7E0D362C3C400500B87286 = {
						CreatedOnToolsVersion = 16.0;
						TestTargetID = 1B7E0D1A2C3C400400B87286;
					};
				};
			};
			buildConfigurationList = 1B7E0D162C3C400400B87286 /* Build configuration list for PBXProject "Digital Name" */;
			compatibilityVersion = "Xcode 15.0";
			developmentRegion = en;
			hasScannedForEncodings = 0;
			knownRegions = (
				en,
				Base,
				ar,
				de,
				el,
				it,
				pl,
				ro,
				ru,
				tr,
				es,
			);
			mainGroup = 1B7E0D122C3C400400B87286;
			productRefGroup = 1B7E0D1C2C3C400400B87286 /* Products */;
			projectDirPath = "";
			projectRoot = "";
			targets = (
				1B7E0D1A2C3C400400B87286 /* Digital Name */,
				1B7E0D2C2C3C400500B87286 /* Digital NameTests */,
				1B7E0D362C3C400500B87286 /* Digital NameUITests */,
			);
		};
/* End PBXProject section */

/* Begin PBXResourcesBuildPhase section */
		1B7E0D192C3C400400B87286 /* Resources */ = {
			isa = PBXResourcesBuildPhase;
			buildActionMask = 2147483647;
			files = (
				1B7E0D282C3C400500B87286 /* Preview Assets.xcassets in Resources */,
				1B7E0D252C3C400500B87286 /* Assets.xcassets in Resources */,
				1F2247E92C41930E00537A2A /* Localizable.xcstrings in Resources */,
			);
			runOnlyForDeploymentPostprocessing = 0;
		};
		1B7E0D2B2C3C400500B87286 /* Resources */ = {
			isa = PBXResourcesBuildPhase;
			buildActionMask = 2147483647;
			files = (
			);
			runOnlyForDeploymentPostprocessing = 0;
		};
		1B7E0D352C3C400500B87286 /* Resources */ = {
			isa = PBXResourcesBuildPhase;
			buildActionMask = 2147483647;
			files = (
			);
			runOnlyForDeploymentPostprocessing = 0;
		};
/* End PBXResourcesBuildPhase section */

/* Begin PBXSourcesBuildPhase section */
		1B7E0D172C3C400400B87286 /* Sources */ = {
			isa = PBXSourcesBuildPhase;
			buildActionMask = 2147483647;
			files = (
				1F7EDF562C454861006112E5 /* SettingsView.swift in Sources */,
				1B7E0D542C3E962700B87286 /* DataEntryView.swift in Sources */,
				1B7E0D212C3C400400B87286 /* HomeView.swift in Sources */,
				1F2247ED2C4500AD00537A2A /* StringExtension.swift in Sources */,
				1B7E0D502C3D963300B87286 /* LanguageItemView.swift in Sources */,
				1B7E0D1F2C3C400400B87286 /* DigitalNameApp.swift in Sources */,
				1F2247F02C4506B700537A2A /* Language.swift in Sources */,
			);
			runOnlyForDeploymentPostprocessing = 0;
		};
		1B7E0D292C3C400500B87286 /* Sources */ = {
			isa = PBXSourcesBuildPhase;
			buildActionMask = 2147483647;
			files = (
			);
			runOnlyForDeploymentPostprocessing = 0;
		};
		1B7E0D332C3C400500B87286 /* Sources */ = {
			isa = PBXSourcesBuildPhase;
			buildActionMask = 2147483647;
			files = (
				1B7E0D3C2C3C400500B87286 /* Digital_NameUITests.swift in Sources */,
			);
			runOnlyForDeploymentPostprocessing = 0;
		};
/* End PBXSourcesBuildPhase section */

/* Begin PBXTargetDependency section */
		1B7E0D2F2C3C400500B87286 /* PBXTargetDependency */ = {
			isa = PBXTargetDependency;
			target = 1B7E0D1A2C3C400400B87286 /* Digital Name */;
			targetProxy = 1B7E0D2E2C3C400500B87286 /* PBXContainerItemProxy */;
		};
		1B7E0D392C3C400500B87286 /* PBXTargetDependency */ = {
			isa = PBXTargetDependency;
			target = 1B7E0D1A2C3C400400B87286 /* Digital Name */;
			targetProxy = 1B7E0D382C3C400500B87286 /* PBXContainerItemProxy */;
		};
/* End PBXTargetDependency section */

/* Begin XCBuildConfiguration section */
		1B7E0D3F2C3C400500B87286 /* Debug */ = {
			isa = XCBuildConfiguration;
			buildSettings = {
				ALWAYS_SEARCH_USER_PATHS = NO;
				ASSETCATALOG_COMPILER_GENERATE_SWIFT_ASSET_SYMBOL_EXTENSIONS = YES;
				CLANG_ANALYZER_NONNULL = YES;
				CLANG_ANALYZER_NUMBER_OBJECT_CONVERSION = YES_AGGRESSIVE;
				CLANG_CXX_LANGUAGE_STANDARD = "gnu++20";
				CLANG_ENABLE_MODULES = YES;
				CLANG_ENABLE_OBJC_ARC = YES;
				CLANG_ENABLE_OBJC_WEAK = YES;
				CLANG_WARN_BLOCK_CAPTURE_AUTORELEASING = YES;
				CLANG_WARN_BOOL_CONVERSION = YES;
				CLANG_WARN_COMMA = YES;
				CLANG_WARN_CONSTANT_CONVERSION = YES;
				CLANG_WARN_DEPRECATED_OBJC_IMPLEMENTATIONS = YES;
				CLANG_WARN_DIRECT_OBJC_ISA_USAGE = YES_ERROR;
				CLANG_WARN_DOCUMENTATION_COMMENTS = YES;
				CLANG_WARN_EMPTY_BODY = YES;
				CLANG_WARN_ENUM_CONVERSION = YES;
				CLANG_WARN_INFINITE_RECURSION = YES;
				CLANG_WARN_INT_CONVERSION = YES;
				CLANG_WARN_NON_LITERAL_NULL_CONVERSION = YES;
				CLANG_WARN_OBJC_IMPLICIT_RETAIN_SELF = YES;
				CLANG_WARN_OBJC_LITERAL_CONVERSION = YES;
				CLANG_WARN_OBJC_ROOT_CLASS = YES_ERROR;
				CLANG_WARN_QUOTED_INCLUDE_IN_FRAMEWORK_HEADER = YES;
				CLANG_WARN_RANGE_LOOP_ANALYSIS = YES;
				CLANG_WARN_STRICT_PROTOTYPES = YES;
				CLANG_WARN_SUSPICIOUS_MOVE = YES;
				CLANG_WARN_UNGUARDED_AVAILABILITY = YES_AGGRESSIVE;
				CLANG_WARN_UNREACHABLE_CODE = YES;
				CLANG_WARN__DUPLICATE_METHOD_MATCH = YES;
				COPY_PHASE_STRIP = NO;
				DEBUG_INFORMATION_FORMAT = dwarf;
				ENABLE_STRICT_OBJC_MSGSEND = YES;
				ENABLE_TESTABILITY = YES;
				ENABLE_USER_SCRIPT_SANDBOXING = YES;
				GCC_C_LANGUAGE_STANDARD = gnu17;
				GCC_DYNAMIC_NO_PIC = NO;
				GCC_NO_COMMON_BLOCKS = YES;
				GCC_OPTIMIZATION_LEVEL = 0;
				GCC_PREPROCESSOR_DEFINITIONS = (
					"DEBUG=1",
					"$(inherited)",
				);
				GCC_WARN_64_TO_32_BIT_CONVERSION = YES;
				GCC_WARN_ABOUT_RETURN_TYPE = YES_ERROR;
				GCC_WARN_UNDECLARED_SELECTOR = YES;
				GCC_WARN_UNINITIALIZED_AUTOS = YES_AGGRESSIVE;
				GCC_WARN_UNUSED_FUNCTION = YES;
				GCC_WARN_UNUSED_VARIABLE = YES;
				IPHONEOS_DEPLOYMENT_TARGET = 17.0;
				LOCALIZATION_PREFERS_STRING_CATALOGS = YES;
				MTL_ENABLE_DEBUG_INFO = INCLUDE_SOURCE;
				MTL_FAST_MATH = YES;
				ONLY_ACTIVE_ARCH = YES;
				SDKROOT = iphoneos;
				SWIFT_ACTIVE_COMPILATION_CONDITIONS = "DEBUG $(inherited)";
				SWIFT_OPTIMIZATION_LEVEL = "-Onone";
			};
			name = Debug;
		};
		1B7E0D402C3C400500B87286 /* Release */ = {
			isa = XCBuildConfiguration;
			buildSettings = {
				ALWAYS_SEARCH_USER_PATHS = NO;
				ASSETCATALOG_COMPILER_GENERATE_SWIFT_ASSET_SYMBOL_EXTENSIONS = YES;
				CLANG_ANALYZER_NONNULL = YES;
				CLANG_ANALYZER_NUMBER_OBJECT_CONVERSION = YES_AGGRESSIVE;
				CLANG_CXX_LANGUAGE_STANDARD = "gnu++20";
				CLANG_ENABLE_MODULES = YES;
				CLANG_ENABLE_OBJC_ARC = YES;
				CLANG_ENABLE_OBJC_WEAK = YES;
				CLANG_WARN_BLOCK_CAPTURE_AUTORELEASING = YES;
				CLANG_WARN_BOOL_CONVERSION = YES;
				CLANG_WARN_COMMA = YES;
				CLANG_WARN_CONSTANT_CONVERSION = YES;
				CLANG_WARN_DEPRECATED_OBJC_IMPLEMENTATIONS = YES;
				CLANG_WARN_DIRECT_OBJC_ISA_USAGE = YES_ERROR;
				CLANG_WARN_DOCUMENTATION_COMMENTS = YES;
				CLANG_WARN_EMPTY_BODY = YES;
				CLANG_WARN_ENUM_CONVERSION = YES;
				CLANG_WARN_INFINITE_RECURSION = YES;
				CLANG_WARN_INT_CONVERSION = YES;
				CLANG_WARN_NON_LITERAL_NULL_CONVERSION = YES;
				CLANG_WARN_OBJC_IMPLICIT_RETAIN_SELF = YES;
				CLANG_WARN_OBJC_LITERAL_CONVERSION = YES;
				CLANG_WARN_OBJC_ROOT_CLASS = YES_ERROR;
				CLANG_WARN_QUOTED_INCLUDE_IN_FRAMEWORK_HEADER = YES;
				CLANG_WARN_RANGE_LOOP_ANALYSIS = YES;
				CLANG_WARN_STRICT_PROTOTYPES = YES;
				CLANG_WARN_SUSPICIOUS_MOVE = YES;
				CLANG_WARN_UNGUARDED_AVAILABILITY = YES_AGGRESSIVE;
				CLANG_WARN_UNREACHABLE_CODE = YES;
				CLANG_WARN__DUPLICATE_METHOD_MATCH = YES;
				COPY_PHASE_STRIP = NO;
				DEBUG_INFORMATION_FORMAT = "dwarf-with-dsym";
				ENABLE_NS_ASSERTIONS = NO;
				ENABLE_STRICT_OBJC_MSGSEND = YES;
				ENABLE_USER_SCRIPT_SANDBOXING = YES;
				GCC_C_LANGUAGE_STANDARD = gnu17;
				GCC_NO_COMMON_BLOCKS = YES;
				GCC_WARN_64_TO_32_BIT_CONVERSION = YES;
				GCC_WARN_ABOUT_RETURN_TYPE = YES_ERROR;
				GCC_WARN_UNDECLARED_SELECTOR = YES;
				GCC_WARN_UNINITIALIZED_AUTOS = YES_AGGRESSIVE;
				GCC_WARN_UNUSED_FUNCTION = YES;
				GCC_WARN_UNUSED_VARIABLE = YES;
				IPHONEOS_DEPLOYMENT_TARGET = 17.0;
				LOCALIZATION_PREFERS_STRING_CATALOGS = YES;
				MTL_ENABLE_DEBUG_INFO = NO;
				MTL_FAST_MATH = YES;
				SDKROOT = iphoneos;
				SWIFT_COMPILATION_MODE = wholemodule;
				VALIDATE_PRODUCT = YES;
			};
			name = Release;
		};
		1B7E0D422C3C400500B87286 /* Debug */ = {
			isa = XCBuildConfiguration;
			buildSettings = {
				ASSETCATALOG_COMPILER_APPICON_NAME = AppIcon;
				ASSETCATALOG_COMPILER_GLOBAL_ACCENT_COLOR_NAME = AccentColor;
				CODE_SIGN_STYLE = Automatic;
				CURRENT_PROJECT_VERSION = 1;
				DEVELOPMENT_ASSET_PATHS = "\"Digital Name/Preview Content\"";
				DEVELOPMENT_TEAM = TH9HJJL4XR;
				ENABLE_PREVIEWS = YES;
				GENERATE_INFOPLIST_FILE = YES;
				INFOPLIST_FILE = "Digital-Name-Info.plist";
				INFOPLIST_KEY_CFBundleDisplayName = "TK Digital Name";
				INFOPLIST_KEY_LSApplicationCategoryType = "public.app-category.business";
				INFOPLIST_KEY_UIApplicationSceneManifest_Generation = YES;
				INFOPLIST_KEY_UIApplicationSupportsIndirectInputEvents = YES;
				INFOPLIST_KEY_UILaunchScreen_Generation = YES;
				INFOPLIST_KEY_UISupportedInterfaceOrientations = "UIInterfaceOrientationLandscapeLeft UIInterfaceOrientationLandscapeRight UIInterfaceOrientationPortrait UIInterfaceOrientationPortraitUpsideDown";
				INFOPLIST_KEY_UIUserInterfaceStyle = Light;
				IPHONEOS_DEPLOYMENT_TARGET = 17.0;
				LD_RUNPATH_SEARCH_PATHS = (
					"$(inherited)",
					"@executable_path/Frameworks",
				);
				MARKETING_VERSION = 1.0;
				PRODUCT_BUNDLE_IDENTIFIER = "com.mtdtechnology.tk.Digital-Name";
				PRODUCT_NAME = "$(TARGET_NAME)";
				SUPPORTED_PLATFORMS = "iphoneos iphonesimulator";
				SUPPORTS_MACCATALYST = NO;
				SUPPORTS_MAC_DESIGNED_FOR_IPHONE_IPAD = NO;
				SUPPORTS_XR_DESIGNED_FOR_IPHONE_IPAD = NO;
				SWIFT_EMIT_LOC_STRINGS = YES;
				SWIFT_VERSION = 5.0;
				TARGETED_DEVICE_FAMILY = "1,2";
			};
			name = Debug;
		};
		1B7E0D432C3C400500B87286 /* Release */ = {
			isa = XCBuildConfiguration;
			buildSettings = {
				ASSETCATALOG_COMPILER_APPICON_NAME = AppIcon;
				ASSETCATALOG_COMPILER_GLOBAL_ACCENT_COLOR_NAME = AccentColor;
				CODE_SIGN_STYLE = Automatic;
				CURRENT_PROJECT_VERSION = 1;
				DEVELOPMENT_ASSET_PATHS = "\"Digital Name/Preview Content\"";
				DEVELOPMENT_TEAM = TH9HJJL4XR;
				ENABLE_PREVIEWS = YES;
				GENERATE_INFOPLIST_FILE = YES;
				INFOPLIST_FILE = "Digital-Name-Info.plist";
				INFOPLIST_KEY_CFBundleDisplayName = "TK Digital Name";
				INFOPLIST_KEY_LSApplicationCategoryType = "public.app-category.business";
				INFOPLIST_KEY_UIApplicationSceneManifest_Generation = YES;
				INFOPLIST_KEY_UIApplicationSupportsIndirectInputEvents = YES;
				INFOPLIST_KEY_UILaunchScreen_Generation = YES;
				INFOPLIST_KEY_UISupportedInterfaceOrientations = "UIInterfaceOrientationLandscapeLeft UIInterfaceOrientationLandscapeRight UIInterfaceOrientationPortrait UIInterfaceOrientationPortraitUpsideDown";
				INFOPLIST_KEY_UIUserInterfaceStyle = Light;
				IPHONEOS_DEPLOYMENT_TARGET = 17.0;
				LD_RUNPATH_SEARCH_PATHS = (
					"$(inherited)",
					"@executable_path/Frameworks",
				);
				MARKETING_VERSION = 1.0;
				PRODUCT_BUNDLE_IDENTIFIER = "com.mtdtechnology.tk.Digital-Name";
				PRODUCT_NAME = "$(TARGET_NAME)";
				SUPPORTED_PLATFORMS = "iphoneos iphonesimulator";
				SUPPORTS_MACCATALYST = NO;
				SUPPORTS_MAC_DESIGNED_FOR_IPHONE_IPAD = NO;
				SUPPORTS_XR_DESIGNED_FOR_IPHONE_IPAD = NO;
				SWIFT_EMIT_LOC_STRINGS = YES;
				SWIFT_VERSION = 5.0;
				TARGETED_DEVICE_FAMILY = "1,2";
			};
			name = Release;
		};
		1B7E0D452C3C400500B87286 /* Debug */ = {
			isa = XCBuildConfiguration;
			buildSettings = {
				BUNDLE_LOADER = "$(TEST_HOST)";
				CODE_SIGN_STYLE = Automatic;
				CURRENT_PROJECT_VERSION = 1;
				DEVELOPMENT_TEAM = TH9HJJL4XR;
				GENERATE_INFOPLIST_FILE = YES;
				IPHONEOS_DEPLOYMENT_TARGET = 18.0;
				MARKETING_VERSION = 1.0;
				PRODUCT_BUNDLE_IDENTIFIER = "com.mtdtechnology.tk.Digital-NameTests";
				PRODUCT_NAME = "$(TARGET_NAME)";
				SWIFT_EMIT_LOC_STRINGS = NO;
				SWIFT_VERSION = 5.0;
				TARGETED_DEVICE_FAMILY = "1,2";
				TEST_HOST = "$(BUILT_PRODUCTS_DIR)/Digital Name.app/$(BUNDLE_EXECUTABLE_FOLDER_PATH)/Digital Name";
			};
			name = Debug;
		};
		1B7E0D462C3C400500B87286 /* Release */ = {
			isa = XCBuildConfiguration;
			buildSettings = {
				BUNDLE_LOADER = "$(TEST_HOST)";
				CODE_SIGN_STYLE = Automatic;
				CURRENT_PROJECT_VERSION = 1;
				DEVELOPMENT_TEAM = TH9HJJL4XR;
				GENERATE_INFOPLIST_FILE = YES;
				IPHONEOS_DEPLOYMENT_TARGET = 18.0;
				MARKETING_VERSION = 1.0;
				PRODUCT_BUNDLE_IDENTIFIER = "com.mtdtechnology.tk.Digital-NameTests";
				PRODUCT_NAME = "$(TARGET_NAME)";
				SWIFT_EMIT_LOC_STRINGS = NO;
				SWIFT_VERSION = 5.0;
				TARGETED_DEVICE_FAMILY = "1,2";
				TEST_HOST = "$(BUILT_PRODUCTS_DIR)/Digital Name.app/$(BUNDLE_EXECUTABLE_FOLDER_PATH)/Digital Name";
			};
			name = Release;
		};
		1B7E0D482C3C400500B87286 /* Debug */ = {
			isa = XCBuildConfiguration;
			buildSettings = {
				CODE_SIGN_STYLE = Automatic;
				CURRENT_PROJECT_VERSION = 1;
				DEVELOPMENT_TEAM = TH9HJJL4XR;
				GENERATE_INFOPLIST_FILE = YES;
				MARKETING_VERSION = 1.0;
				PRODUCT_BUNDLE_IDENTIFIER = "com.mtdtechnology.tk.Digital-NameUITests";
				PRODUCT_NAME = "$(TARGET_NAME)";
				SWIFT_EMIT_LOC_STRINGS = NO;
				SWIFT_VERSION = 5.0;
				TARGETED_DEVICE_FAMILY = "1,2";
				TEST_TARGET_NAME = "Digital Name";
			};
			name = Debug;
		};
		1B7E0D492C3C400500B87286 /* Release */ = {
			isa = XCBuildConfiguration;
			buildSettings = {
				CODE_SIGN_STYLE = Automatic;
				CURRENT_PROJECT_VERSION = 1;
				DEVELOPMENT_TEAM = TH9HJJL4XR;
				GENERATE_INFOPLIST_FILE = YES;
				MARKETING_VERSION = 1.0;
				PRODUCT_BUNDLE_IDENTIFIER = "com.mtdtechnology.tk.Digital-NameUITests";
				PRODUCT_NAME = "$(TARGET_NAME)";
				SWIFT_EMIT_LOC_STRINGS = NO;
				SWIFT_VERSION = 5.0;
				TARGETED_DEVICE_FAMILY = "1,2";
				TEST_TARGET_NAME = "Digital Name";
			};
			name = Release;
		};
/* End XCBuildConfiguration section */

/* Begin XCConfigurationList section */
		1B7E0D162C3C400400B87286 /* Build configuration list for PBXProject "Digital Name" */ = {
			isa = XCConfigurationList;
			buildConfigurations = (
				1B7E0D3F2C3C400500B87286 /* Debug */,
				1B7E0D402C3C400500B87286 /* Release */,
			);
			defaultConfigurationIsVisible = 0;
			defaultConfigurationName = Release;
		};
		1B7E0D412C3C400500B87286 /* Build configuration list for PBXNativeTarget "Digital Name" */ = {
			isa = XCConfigurationList;
			buildConfigurations = (
				1B7E0D422C3C400500B87286 /* Debug */,
				1B7E0D432C3C400500B87286 /* Release */,
			);
			defaultConfigurationIsVisible = 0;
			defaultConfigurationName = Release;
		};
		1B7E0D442C3C400500B87286 /* Build configuration list for PBXNativeTarget "Digital NameTests" */ = {
			isa = XCConfigurationList;
			buildConfigurations = (
				1B7E0D452C3C400500B87286 /* Debug */,
				1B7E0D462C3C400500B87286 /* Release */,
			);
			defaultConfigurationIsVisible = 0;
			defaultConfigurationName = Release;
		};
		1B7E0D472C3C400500B87286 /* Build configuration list for PBXNativeTarget "Digital NameUITests" */ = {
			isa = XCConfigurationList;
			buildConfigurations = (
				1B7E0D482C3C400500B87286 /* Debug */,
				1B7E0D492C3C400500B87286 /* Release */,
			);
			defaultConfigurationIsVisible = 0;
			defaultConfigurationName = Release;
		};
/* End XCConfigurationList section */
	};
	rootObject = 1B7E0D132C3C400400B87286 /* Project object */;
}
